
Microsoft Visual Studio Solution File, Format Version 12.00
# Visual Studio 15
VisualStudioVersion = 15.0.27703.2035
MinimumVisualStudioVersion = 10.0.40219.1
Project("{FAE04EC0-301F-11D3-BF4B-00C04F79EFBC}") = "DataAccess", "DataAccess\DataAccess.csproj", "{9E36A7C5-3E5E-44A0-9DB8-2A2AE781E4A4}"
EndProject
Project("{FAE04EC0-301F-11D3-BF4B-00C04F79EFBC}") = "InventoryManagerWebsite", "InventoryManagerWebsite\InventoryManagerWebsite.csproj", "{03603507-6E4C-476B-91D2-E27876EE2598}"
EndProject
Project("{FAE04EC0-301F-11D3-BF4B-00C04F79EFBC}") = "InventoryManagerService", "InventoryManagerService\InventoryManagerService.csproj", "{43BE12E3-AD4F-4A09-94E5-017620E6642A}"
EndProject
Project("{FAE04EC0-301F-11D3-BF4B-00C04F79EFBC}") = "InventoryManagerServiceTest", "InventoryManagerServiceTest\InventoryManagerServiceTest.csproj", "{BEC9BFEF-D00A-40F2-9337-44F8841FC5BD}"
EndProject
Global
	GlobalSection(SolutionConfigurationPlatforms) = preSolution
		Debug|Any CPU = Debug|Any CPU
		Release|Any CPU = Release|Any CPU
	EndGlobalSection
	GlobalSection(ProjectConfigurationPlatforms) = postSolution
		{9E36A7C5-3E5E-44A0-9DB8-2A2AE781E4A4}.Debug|Any CPU.ActiveCfg = Debug|Any CPU
		{9E36A7C5-3E5E-44A0-9DB8-2A2AE781E4A4}.Debug|Any CPU.Build.0 = Debug|Any CPU
		{9E36A7C5-3E5E-44A0-9DB8-2A2AE781E4A4}.Release|Any CPU.ActiveCfg = Release|Any CPU
		{9E36A7C5-3E5E-44A0-9DB8-2A2AE781E4A4}.Release|Any CPU.Build.0 = Release|Any CPU
		{03603507-6E4C-476B-91D2-E27876EE2598}.Debug|Any CPU.ActiveCfg = Debug|Any CPU
		{03603507-6E4C-476B-91D2-E27876EE2598}.Debug|Any CPU.Build.0 = Debug|Any CPU
		{03603507-6E4C-476B-91D2-E27876EE2598}.Release|Any CPU.ActiveCfg = Release|Any CPU
		{03603507-6E4C-476B-91D2-E27876EE2598}.Release|Any CPU.Build.0 = Release|Any CPU
		{43BE12E3-AD4F-4A09-94E5-017620E6642A}.Debug|Any CPU.ActiveCfg = Debug|Any CPU
		{43BE12E3-AD4F-4A09-94E5-017620E6642A}.Debug|Any CPU.Build.0 = Debug|Any CPU
		{43BE12E3-AD4F-4A09-94E5-017620E6642A}.Release|Any CPU.ActiveCfg = Release|Any CPU
		{43BE12E3-AD4F-4A09-94E5-017620E6642A}.Release|Any CPU.Build.0 = Release|Any CPU
		{BEC9BFEF-D00A-40F2-9337-44F8841FC5BD}.Debug|Any CPU.ActiveCfg = Debug|Any CPU
		{BEC9BFEF-D00A-40F2-9337-44F8841FC5BD}.Debug|Any CPU.Build.0 = Debug|Any CPU
		{BEC9BFEF-D00A-40F2-9337-44F8841FC5BD}.Release|Any CPU.ActiveCfg = Release|Any CPU
		{BEC9BFEF-D00A-40F2-9337-44F8841FC5BD}.Release|Any CPU.Build.0 = Release|Any CPU
	EndGlobalSection
	GlobalSection(SolutionProperties) = preSolution
		HideSolutionNode = FALSE
	EndGlobalSection
	GlobalSection(ExtensibilityGlobals) = postSolution
		SolutionGuid = {9B006ECE-9C7A-49F0-975B-1BBBAEA27FB0}
	EndGlobalSection
EndGlobal
